PODS:
  - Flutter (1.0.0)
  - simple_permissions (0.0.1):
    - Flutter

DEPENDENCIES:
  - Flutter (from `Pods/.symlinks/flutter/ios`)
  - simple_permissions (from `Pods/.symlinks/plugins/simple_permissions/ios`)

EXTERNAL SOURCES:
  Flutter:
    :path: Pods/.symlinks/flutter/ios
  simple_permissions:
    :path: Pods/.symlinks/plugins/simple_permissions/ios

SPEC CHECKSUMS:
  Flutter: 9d0fac939486c9aba2809b7982dfdbb47a7b0296
  simple_permissions: 7b655133eecb5dd18d5f0326e847c46f8d440576

PODFILE CHECKSUM: 9379b13f6da7efcb6e607ca3a24796e1929fe0a5

COCOAPODS: 1.5.3
